Microsoft Visual Studio Solution File, Format Version 11.00
# Visual Studio 2008

Project("{7555F36F-6A81-1090-D23C-00DD4E2CBB5A}") = "marxDonut", "Assembly-CSharp-firstpass.csproj", "{30697F18-5674-17A1-5CF4-F1E3A9CD0B0B}"
EndProject
Project("{7555F36F-6A81-1090-D23C-00DD4E2CBB5A}") = "marxDonut", "Assembly-CSharp.csproj", "{5F9C2C67-C2FB-3BD0-D495-E133A7616FCD}"
EndProject
Project("{7555F36F-6A81-1090-D23C-00DD4E2CBB5A}") = "marxDonut", "Assembly-CSharp-Editor.csproj", "{63840094-67D1-818A-DDB8-A717881E4C7F}"
EndProject
Global
	GlobalSection(SolutionConfigurationPlatforms) = preSolution
		Debug|Any CPU = Debug|Any CPU
		Release|Any CPU = Release|Any CPU
	EndGlobalSection
	GlobalSection(ProjectConfigurationPlatforms) = postSolution
		{30697F18-5674-17A1-5CF4-F1E3A9CD0B0B}.Debug|Any CPU.ActiveCfg = Debug|Any CPU
		{30697F18-5674-17A1-5CF4-F1E3A9CD0B0B}.Debug|Any CPU.Build.0 = Debug|Any CPU
		{30697F18-5674-17A1-5CF4-F1E3A9CD0B0B}.Release|Any CPU.ActiveCfg = Release|Any CPU
		{30697F18-5674-17A1-5CF4-F1E3A9CD0B0B}.Release|Any CPU.Build.0 = Release|Any CPU
		{5F9C2C67-C2FB-3BD0-D495-E133A7616FCD}.Debug|Any CPU.ActiveCfg = Debug|Any CPU
		{5F9C2C67-C2FB-3BD0-D495-E133A7616FCD}.Debug|Any CPU.Build.0 = Debug|Any CPU
		{5F9C2C67-C2FB-3BD0-D495-E133A7616FCD}.Release|Any CPU.ActiveCfg = Release|Any CPU
		{5F9C2C67-C2FB-3BD0-D495-E133A7616FCD}.Release|Any CPU.Build.0 = Release|Any CPU
		{63840094-67D1-818A-DDB8-A717881E4C7F}.Debug|Any CPU.ActiveCfg = Debug|Any CPU
		{63840094-67D1-818A-DDB8-A717881E4C7F}.Debug|Any CPU.Build.0 = Debug|Any CPU
		{63840094-67D1-818A-DDB8-A717881E4C7F}.Release|Any CPU.ActiveCfg = Release|Any CPU
		{63840094-67D1-818A-DDB8-A717881E4C7F}.Release|Any CPU.Build.0 = Release|Any CPU
	EndGlobalSection
	GlobalSection(SolutionProperties) = preSolution
		HideSolutionNode = FALSE
	EndGlobalSection
	GlobalSection(MonoDevelopProperties) = preSolution
		StartupItem = Assembly-CSharp.csproj
	EndGlobalSection
EndGlobal
